
Microsoft Visual Studio Solution File, Format Version 12.00
# Visual Studio Version 17
VisualStudioVersion = 17.2.32630.192
MinimumVisualStudioVersion = 10.0.40219.1
Project("{FAE04EC0-301F-11D3-BF4B-00C04F79EFBC}") = "EngSoft.JogoPatos", "EngSoft.JogoPatos\EngSoft.JogoPatos.csproj", "{E455662F-BF64-4123-BD42-B8B475A68F51}"
EndProject
Global
	GlobalSection(SolutionConfigurationPlatforms) = preSolution
		Debug|Any CPU = Debug|Any CPU
		Release|Any CPU = Release|Any CPU
	EndGlobalSection
	GlobalSection(ProjectConfigurationPlatforms) = postSolution
		{E455662F-BF64-4123-BD42-B8B475A68F51}.Debug|Any CPU.ActiveCfg = Debug|Any CPU
		{E455662F-BF64-4123-BD42-B8B475A68F51}.Debug|Any CPU.Build.0 = Debug|Any CPU
		{E455662F-BF64-4123-BD42-B8B475A68F51}.Release|Any CPU.ActiveCfg = Release|Any CPU
		{E455662F-BF64-4123-BD42-B8B475A68F51}.Release|Any CPU.Build.0 = Release|Any CPU
	EndGlobalSection
	GlobalSection(SolutionProperties) = preSolution
		HideSolutionNode = FALSE
	EndGlobalSection
	GlobalSection(ExtensibilityGlobals) = postSolution
		SolutionGuid = {D89B5E28-1BF2-4ED5-AA43-89DC725BCBA6}
	EndGlobalSection
EndGlobal
